// !$*UTF8*$!
{
	archiveVersion = 1;
	classes = {
	};
	objectVersion = 48;
	objects = {

/* Begin PBXBuildFile section */
		7EB67F461F1F3784005C5AFF /* AppDelegate.swift in Sources */ = {isa = PBXBuildFile; fileRef = 7EB67F451F1F3784005C5AFF /* AppDelegate.swift */; };
		7EB67F481F1F3784005C5AFF /* ViewController.swift in Sources */ = {isa = PBXBuildFile; fileRef = 7EB67F471F1F3784005C5AFF /* ViewController.swift */; };
		7EB67F4B1F1F3784005C5AFF /* Main.storyboard in Resources */ = {isa = PBXBuildFile; fileRef = 7EB67F491F1F3784005C5AFF /* Main.storyboard */; };
		7EB67F4D1F1F3784005C5AFF /* Assets.xcassets in Resources */ = {isa = PBXBuildFile; fileRef = 7EB67F4C1F1F3784005C5AFF /* Assets.xcassets */; };
		7EB67F501F1F3784005C5AFF /* LaunchScreen.storyboard in Resources */ = {isa = PBXBuildFile; fileRef = 7EB67F4E1F1F3784005C5AFF /* LaunchScreen.storyboard */; };
/* End PBXBuildFile section */

/* Begin PBXFileReference section */
		7EB67F421F1F3784005C5AFF /* AffineTransform.app */ = {isa = PBXFileReference; explicitFileType = wrapper.application; includeInIndex = 0; path = AffineTransform.app; sourceTree = BUILT_PRODUCTS_DIR; };
		7EB67F451F1F3784005C5AFF /* AppDelegate.swift */ = {isa = PBXFileReference; lastKnownFileType = sourcecode.swift; path = AppDelegate.swift; sourceTree = "<group>"; };
		7EB67F471F1F3784005C5AFF /* ViewController.swift */ = {isa = PBXFileReference; lastKnownFileType = sourcecode.swift; path = ViewController.swift; sourceTree = "<group>"; };
		7EB67F4A1F1F3784005C5AFF /* Base */ = {isa = PBXFileReference; lastKnownFileType = file.storyboard; name = Base; path = Base.lproj/Main.storyboard; sourceTree = "<group>"; };
		7EB67F4C1F1F3784005C5AFF /* Assets.xcassets */ = {isa = PBXFileReference; lastKnownFileType = folder.assetcatalog; path = Assets.xcassets; sourceTree = "<group>"; };
		7EB67F4F1F1F3784005C5AFF /* Base */ = {isa = PBXFileReference; lastKnownFileType = file.storyboard; name = Base; path = Base.lproj/LaunchScreen.storyboard; sourceTree = "<group>"; };
		7EB67F511F1F3784005C5AFF /* Info.plist */ = {isa = PBXFileReference; lastKnownFileType = text.plist.xml; path = Info.plist; sourceTree = "<group>"; };
/* End PBXFileReference section */

/* Begin PBXFrameworksBuildPhase section */
		7EB67F3F1F1F3784005C5AFF /* Frameworks */ = {
			isa = PBXFrameworksBuildPhase;
			buildActionMask = 2147483647;
			files = (
			);
			runOnlyForDeploymentPostprocessing = 0;
		};
/* End PBXFrameworksBuildPhase section */

/* Begin PBXGroup section */
		7EB67F391F1F3784005C5AFF = {
			isa = PBXGroup;
			children = (
				7EB67F441F1F3784005C5AFF /* AffineTransform */,
				7EB67F431F1F3784005C5AFF /* Products */,
			);
			sourceTree = "<group>";
		};
		7EB67F431F1F3784005C5AFF /* Products */ = {
			isa = PBXGroup;
			children = (
				7EB67F421F1F3784005C5AFF /* AffineTransform.app */,
			);
			name = Products;
			sourceTree = "<group>";
		};
		7EB67F441F1F3784005C5AFF /* AffineTransform */ = {
			isa = PBXGroup;
			children = (
				7EB67F451F1F3784005C5AFF /* AppDelegate.swift */,
				7EB67F471F1F3784005C5AFF /* ViewController.swift */,
				7EB67F491F1F3784005C5AFF /* Main.storyboard */,
				7EB67F4C1F1F3784005C5AFF /* Assets.xcassets */,
				7EB67F4E1F1F3784005C5AFF /* LaunchScreen.storyboard */,
				7EB67F511F1F3784005C5AFF /* Info.plist */,
			);
			path = AffineTransform;
			sourceTree = "<group>";
		};
/* End PBXGroup section */

/* Begin PBXNativeTarget section */
		7EB67F411F1F3784005C5AFF /* AffineTransform */ = {
			isa = PBXNativeTarget;
			buildConfigurationList = 7EB67F541F1F3784005C5AFF /* Build configuration list for PBXNativeTarget "AffineTransform" */;
			buildPhases = (
				7EB67F3E1F1F3784005C5AFF /* Sources */,
				7EB67F3F1F1F3784005C5AFF /* Frameworks */,
				7EB67F401F1F3784005C5AFF /* Resources */,
			);
			buildRules = (
			);
			dependencies = (
			);
			name = AffineTransform;
			productName = AffineTransform;
			productReference = 7EB67F421F1F3784005C5AFF /* AffineTransform.app */;
			productType = "com.apple.product-type.application";
		};
/* End PBXNativeTarget section */

/* Begin PBXProject section */
		7EB67F3A1F1F3784005C5AFF /* Project object */ = {
			isa = PBXProject;
			attributes = {
				LastSwiftUpdateCheck = 0900;
				LastUpgradeCheck = 0900;
				ORGANIZATIONNAME = Sarawanak;
				TargetAttributes = {
					7EB67F411F1F3784005C5AFF = {
						CreatedOnToolsVersion = 9.0;
					};
				};
			};
			buildConfigurationList = 7EB67F3D1F1F3784005C5AFF /* Build configuration list for PBXProject "AffineTransform" */;
			compatibilityVersion = "Xcode 8.0";
			developmentRegion = en;
			hasScannedForEncodings = 0;
			knownRegions = (
				en,
				Base,
			);
			mainGroup = 7EB67F391F1F3784005C5AFF;
			productRefGroup = 7EB67F431F1F3784005C5AFF /* Products */;
			projectDirPath = "";
			projectRoot = "";
			targets = (
				7EB67F411F1F3784005C5AFF /* AffineTransform */,
			);
		};
/* End PBXProject section */

/* Begin PBXResourcesBuildPhase section */
		7EB67F401F1F3784005C5AFF /* Resources */ = {
			isa = PBXResourcesBuildPhase;
			buildActionMask = 2147483647;
			files = (
				7EB67F501F1F3784005C5AFF /* LaunchScreen.storyboard in Resources */,
				7EB67F4D1F1F3784005C5AFF /* Assets.xcassets in Resources */,
				7EB67F4B1F1F3784005C5AFF /* Main.storyboard in Resources */,
			);
			runOnlyForDeploymentPostprocessing = 0;
		};
/* End PBXResourcesBuildPhase section */

/* Begin PBXSourcesBuildPhase section */
		7EB67F3E1F1F3784005C5AFF /* Sources */ = {
			isa = PBXSourcesBuildPhase;
			buildActionMask = 2147483647;
			files = (
				7EB67F481F1F3784005C5AFF /* ViewController.swift in Sources */,
				7EB67F461F1F3784005C5AFF /* AppDelegate.swift in Sources */,
			);
			runOnlyForDeploymentPostprocessing = 0;
		};
/* End PBXSourcesBuildPhase section */

/* Begin PBXVariantGroup section */
		7EB67F491F1F3784005C5AFF /* Main.storyboard */ = {
			isa = PBXVariantGroup;
			children = (
				7EB67F4A1F1F3784005C5AFF /* Base */,
			);
			name = Main.storyboard;
			sourceTree = "<group>";
		};
		7EB67F4E1F1F3784005C5AFF /* LaunchScreen.storyboard */ = {
			isa = PBXVariantGroup;
			children = (
				7EB67F4F1F1F3784005C5AFF /* Base */,
			);
			name = LaunchScreen.storyboard;
			sourceTree = "<group>";
		};
/* End PBXVariantGroup section */

/* Begin XCBuildConfiguration section */
		7EB67F521F1F3784005C5AFF /* Debug */ = {
			isa = XCBuildConfiguration;
			buildSettings = {
				ALWAYS_SEARCH_USER_PATHS = NO;
				CLANG_ANALYZER_NONNULL = YES;
				CLANG_ANALYZER_NUMBER_OBJECT_CONVERSION = YES_AGGRESSIVE;
				CLANG_CXX_LANGUAGE_STANDARD = "gnu++14";
				CLANG_CXX_LIBRARY = "libc++";
				CLANG_ENABLE_MODULES = YES;
				CLANG_ENABLE_OBJC_ARC = YES;
				CLANG_WARN_BLOCK_CAPTURE_AUTORELEASING = YES;
				CLANG_WARN_BOOL_CONVERSION = YES;
				CLANG_WARN_COMMA = YES;
				CLANG_WARN_CONSTANT_CONVERSION = YES;
				CLANG_WARN_DIRECT_OBJC_ISA_USAGE = YES_ERROR;
				CLANG_WARN_DOCUMENTATION_COMMENTS = YES;
				CLANG_WARN_EMPTY_BODY = YES;
				CLANG_WARN_ENUM_CONVERSION = YES;
				CLANG_WARN_INFINITE_RECURSION = YES;
				CLANG_WARN_INT_CONVERSION = YES;
				CLANG_WARN_NON_LITERAL_NULL_CONVERSION = YES;
				CLANG_WARN_OBJC_LITERAL_CONVERSION = YES;
				CLANG_WARN_OBJC_ROOT_CLASS = YES_ERROR;
				CLANG_WARN_RANGE_LOOP_ANALYSIS = YES;
				CLANG_WARN_STRICT_PROTOTYPES = YES;
				CLANG_WARN_SUSPICIOUS_MOVE = YES;
				CLANG_WARN_UNGUARDED_AVAILABILITY = YES_AGGRESSIVE;
				CLANG_WARN_UNREACHABLE_CODE = YES;
				CLANG_WARN__DUPLICATE_METHOD_MATCH = YES;
				CODE_SIGN_IDENTITY = "iPhone Developer";
				COPY_PHASE_STRIP = NO;
				DEBUG_INFORMATION_FORMAT = dwarf;
				ENABLE_STRICT_OBJC_MSGSEND = YES;
				ENABLE_TESTABILITY = YES;
				GCC_C_LANGUAGE_STANDARD = gnu11;
				GCC_DYNAMIC_NO_PIC = NO;
				GCC_NO_COMMON_BLOCKS = YES;
				GCC_OPTIMIZATION_LEVEL = 0;
				GCC_PREPROCESSOR_DEFINITIONS = (
					"DEBUG=1",
					"$(inherited)",
				);
				GCC_WARN_64_TO_32_BIT_CONVERSION = YES;
				GCC_WARN_ABOUT_RETURN_TYPE = YES_ERROR;
				GCC_WARN_UNDECLARED_SELECTOR = YES;
				GCC_WARN_UNINITIALIZED_AUTOS = YES_AGGRESSIVE;
				GCC_WARN_UNUSED_FUNCTION = YES;
				GCC_WARN_UNUSED_VARIABLE = YES;
				IPHONEOS_DEPLOYMENT_TARGET = 11.0;
				MTL_ENABLE_DEBUG_INFO = YES;
				ONLY_ACTIVE_ARCH = YES;
				SDKROOT = iphoneos;
				SWIFT_ACTIVE_COMPILATION_CONDITIONS = DEBUG;
				SWIFT_OPTIMIZATION_LEVEL = "-Onone";
			};
			name = Debug;
		};
		7EB67F531F1F3784005C5AFF /* Release */ = {
			isa = XCBuildConfiguration;
			buildSettings = {
				ALWAYS_SEARCH_USER_PATHS = NO;
				CLANG_ANALYZER_NONNULL = YES;
				CLANG_ANALYZER_NUMBER_OBJECT_CONVERSION = YES_AGGRESSIVE;
				CLANG_CXX_LANGUAGE_STANDARD = "gnu++14";
				CLANG_CXX_LIBRARY = "libc++";
				CLANG_ENABLE_MODULES = YES;
				CLANG_ENABLE_OBJC_ARC = YES;
				CLANG_WARN_BLOCK_CAPTURE_AUTORELEASING = YES;
				CLANG_WARN_BOOL_CONVERSION = YES;
				CLANG_WARN_COMMA = YES;
				CLANG_WARN_CONSTANT_CONVERSION = YES;
				CLANG_WARN_DIRECT_OBJC_ISA_USAGE = YES_ERROR;
				CLANG_WARN_DOCUMENTATION_COMMENTS = YES;
				CLANG_WARN_EMPTY_BODY = YES;
				CLANG_WARN_ENUM_CONVERSION = YES;
				CLANG_WARN_INFINITE_RECURSION = YES;
				CLANG_WARN_INT_CONVERSION = YES;
				CLANG_WARN_NON_LITERAL_NULL_CONVERSION = YES;
				CLANG_WARN_OBJC_LITERAL_CONVERSION = YES;
				CLANG_WARN_OBJC_ROOT_CLASS = YES_ERROR;
				CLANG_WARN_RANGE_LOOP_ANALYSIS = YES;
				CLANG_WARN_STRICT_PROTOTYPES = YES;
				CLANG_WARN_SUSPICIOUS_MOVE = YES;
				CLANG_WARN_UNGUARDED_AVAILABILITY = YES_AGGRESSIVE;
				CLANG_WARN_UNREACHABLE_CODE = YES;
				CLANG_WARN__DUPLICATE_METHOD_MATCH = YES;
				CODE_SIGN_IDENTITY = "iPhone Developer";
				COPY_PHASE_STRIP = NO;
				DEBUG_INFORMATION_FORMAT = "dwarf-with-dsym";
				ENABLE_NS_ASSERTIONS = NO;
				ENABLE_STRICT_OBJC_MSGSEND = YES;
				GCC_C_LANGUAGE_STANDARD = gnu11;
				GCC_NO_COMMON_BLOCKS = YES;
				GCC_WARN_64_TO_32_BIT_CONVERSION = YES;
				GCC_WARN_ABOUT_RETURN_TYPE = YES_ERROR;
				GCC_WARN_UNDECLARED_SELECTOR = YES;
				GCC_WARN_UNINITIALIZED_AUTOS = YES_AGGRESSIVE;
				GCC_WARN_UNUSED_FUNCTION = YES;
				GCC_WARN_UNUSED_VARIABLE = YES;
				IPHONEOS_DEPLOYMENT_TARGET = 11.0;
				MTL_ENABLE_DEBUG_INFO = NO;
				SDKROOT = iphoneos;
				SWIFT_OPTIMIZATION_LEVEL = "-Owholemodule";
				VALIDATE_PRODUCT = YES;
			};
			name = Release;
		};
		7EB67F551F1F3784005C5AFF /* Debug */ = {
			isa = XCBuildConfiguration;
			buildSettings = {
				ASSETCATALOG_COMPILER_APPICON_NAME = AppIcon;
				INFOPLIST_FILE = AffineTransform/Info.plist;
				LD_RUNPATH_SEARCH_PATHS = "$(inherited) @executable_path/Frameworks";
				PRODUCT_BUNDLE_IDENTIFIER = com.thoughtworks.example.AffineTransform;
				PRODUCT_NAME = "$(TARGET_NAME)";
				SWIFT_VERSION = 4.0;
				TARGETED_DEVICE_FAMILY = "1,2";
			};
			name = Debug;
		};
		7EB67F561F1F3784005C5AFF /* Release */ = {
			isa = XCBuildConfiguration;
			buildSettings = {
				ASSETCATALOG_COMPILER_APPICON_NAME = AppIcon;
				INFOPLIST_FILE = AffineTransform/Info.plist;
				LD_RUNPATH_SEARCH_PATHS = "$(inherited) @executable_path/Frameworks";
				PRODUCT_BUNDLE_IDENTIFIER = com.thoughtworks.example.AffineTransform;
				PRODUCT_NAME = "$(TARGET_NAME)";
				SWIFT_VERSION = 4.0;
				TARGETED_DEVICE_FAMILY = "1,2";
			};
			name = Release;
		};
/* End XCBuildConfiguration section */

/* Begin XCConfigurationList section */
		7EB67F3D1F1F3784005C5AFF /* Build configuration list for PBXProject "AffineTransform" */ = {
			isa = XCConfigurationList;
			buildConfigurations = (
				7EB67F521F1F3784005C5AFF /* Debug */,
				7EB67F531F1F3784005C5AFF /* Release */,
			);
			defaultConfigurationIsVisible = 0;
			defaultConfigurationName = Release;
		};
		7EB67F541F1F3784005C5AFF /* Build configuration list for PBXNativeTarget "AffineTransform" */ = {
			isa = XCConfigurationList;
			buildConfigurations = (
				7EB67F551F1F3784005C5AFF /* Debug */,
				7EB67F561F1F3784005C5AFF /* Release */,
			);
			defaultConfigurationIsVisible = 0;
		};
/* End XCConfigurationList section */
	};
	rootObject = 7EB67F3A1F1F3784005C5AFF /* Project object */;
}
